PODS:
  - Flutter (1.0.0)
  - hyperpay_plugin (0.0.5):
    - Flutter
    - hyperpay_sdk (~> 6.19.0)
  - hyperpay_sdk (6.19.0)

DEPENDENCIES:
  - Flutter (from `Flutter`)
  - hyperpay_plugin (from `.symlinks/plugins/hyperpay_plugin/ios`)
  - hyperpay_sdk (from `https://github.com/YoussefDeabes/hyperpay_sdk.git`)

EXTERNAL SOURCES:
  Flutter:
    :path: Flutter
  hyperpay_plugin:
    :path: ".symlinks/plugins/hyperpay_plugin/ios"
  hyperpay_sdk:
    :git: https://github.com/YoussefDeabes/hyperpay_sdk.git

CHECKOUT OPTIONS:
  hyperpay_sdk:
    :commit: efd83b5eb8e520b9c497be159aaac480d528b1b8
    :git: https://github.com/YoussefDeabes/hyperpay_sdk.git

SPEC CHECKSUMS:
  Flutter: e0871f40cf51350855a761d2e70bf5af5b9b5de7
  hyperpay_plugin: cd1eba211664377318bfbc131cde4341297da70a
  hyperpay_sdk: 195f4b08688c4b1835c30d97a62bf0379477c213

PODFILE CHECKSUM: 7977019a6899830182a0514318df582b1e469bf4

COCOAPODS: 1.16.2
